
Microsoft Visual Studio Solution File, Format Version 12.00
# Visual Studio Version 17
VisualStudioVersion = 17.2.32616.157
MinimumVisualStudioVersion = 10.0.40219.1
Project("{FAE04EC0-301F-11D3-BF4B-00C04F79EFBC}") = "covali.CustomInterface", "covali.CustomInterface\covali.CustomInterface.csproj", "{818A2B39-9857-4A6C-8528-2D5D5FDA3043}"
EndProject
Global
	GlobalSection(SolutionConfigurationPlatforms) = preSolution
		Debug|Any CPU = Debug|Any CPU
		Release|Any CPU = Release|Any CPU
	EndGlobalSection
	GlobalSection(ProjectConfigurationPlatforms) = postSolution
		{818A2B39-9857-4A6C-8528-2D5D5FDA3043}.Debug|Any CPU.ActiveCfg = Debug|Any CPU
		{818A2B39-9857-4A6C-8528-2D5D5FDA3043}.Debug|Any CPU.Build.0 = Debug|Any CPU
		{818A2B39-9857-4A6C-8528-2D5D5FDA3043}.Release|Any CPU.ActiveCfg = Release|Any CPU
		{818A2B39-9857-4A6C-8528-2D5D5FDA3043}.Release|Any CPU.Build.0 = Release|Any CPU
	EndGlobalSection
	GlobalSection(SolutionProperties) = preSolution
		HideSolutionNode = FALSE
	EndGlobalSection
	GlobalSection(ExtensibilityGlobals) = postSolution
		SolutionGuid = {CED8C9CF-ADE5-48A3-A22C-BAD958DCA468}
	EndGlobalSection
EndGlobal
